
Microsoft Visual Studio Solution File, Format Version 12.00
# Visual Studio 2015
Project("{FAE04EC0-301F-11D3-BF4B-00C04F79EFBC}") = "MIRAJ_ALAM_HW_3.CSharp", "MIRAJ_ALAM_HW_3.CSharp.csproj", "{FD6EA7EE-03F4-6DE7-D023-5D5B2E8B5B1E}"
EndProject
Global
	GlobalSection(SolutionConfigurationPlatforms) = preSolution
		Debug|Any CPU = Debug|Any CPU
		Release|Any CPU = Release|Any CPU
	EndGlobalSection
	GlobalSection(ProjectConfigurationPlatforms) = postSolution
		{FD6EA7EE-03F4-6DE7-D023-5D5B2E8B5B1E}.Debug|Any CPU.ActiveCfg = Debug|Any CPU
		{FD6EA7EE-03F4-6DE7-D023-5D5B2E8B5B1E}.Debug|Any CPU.Build.0 = Debug|Any CPU
		{FD6EA7EE-03F4-6DE7-D023-5D5B2E8B5B1E}.Release|Any CPU.ActiveCfg = Release|Any CPU
		{FD6EA7EE-03F4-6DE7-D023-5D5B2E8B5B1E}.Release|Any CPU.Build.0 = Release|Any CPU
	EndGlobalSection
	GlobalSection(SolutionProperties) = preSolution
		HideSolutionNode = FALSE
	EndGlobalSection
EndGlobal
